
Microsoft Visual Studio Solution File, Format Version 12.00
# Visual Studio Version 17
VisualStudioVersion = 17.0.31903.59
MinimumVisualStudioVersion = 10.0.40219.1
Project("{FAE04EC0-301F-11D3-BF4B-00C04F79EFBC}") = "MyUtilities_project", "MyUtilities_project.csproj", "{8362C259-7C6F-4DB4-BA58-C6BA78502B00}"
EndProject
Global
	GlobalSection(SolutionConfigurationPlatforms) = preSolution
		Debug|Any CPU = Debug|Any CPU
		Release|Any CPU = Release|Any CPU
	EndGlobalSection
	GlobalSection(ProjectConfigurationPlatforms) = postSolution
		{8362C259-7C6F-4DB4-BA58-C6BA78502B00}.Debug|Any CPU.ActiveCfg = Debug|Any CPU
		{8362C259-7C6F-4DB4-BA58-C6BA78502B00}.Debug|Any CPU.Build.0 = Debug|Any CPU
		{8362C259-7C6F-4DB4-BA58-C6BA78502B00}.Release|Any CPU.ActiveCfg = Release|Any CPU
		{8362C259-7C6F-4DB4-BA58-C6BA78502B00}.Release|Any CPU.Build.0 = Release|Any CPU
	EndGlobalSection
	GlobalSection(SolutionProperties) = preSolution
		HideSolutionNode = FALSE
	EndGlobalSection
	GlobalSection(ExtensibilityGlobals) = postSolution
		SolutionGuid = {CC40A866-915E-47E8-8CE2-8130D39F42EA}
	EndGlobalSection
EndGlobal
